
Microsoft Visual Studio Solution File, Format Version 12.00
# Visual Studio 2013
VisualStudioVersion = 12.0.30501.0
MinimumVisualStudioVersion = 10.0.40219.1
Project("{FAE04EC0-301F-11D3-BF4B-00C04F79EFBC}") = "StreetRecorder", "StreetRecorder\StreetRecorder.csproj", "{F4B72EF5-C767-41A6-8B09-BD3CC13D918D}"
EndProject
Global
	GlobalSection(SolutionConfigurationPlatforms) = preSolution
		Debug|Any CPU = Debug|Any CPU
		Release|Any CPU = Release|Any CPU
	EndGlobalSection
	GlobalSection(ProjectConfigurationPlatforms) = postSolution
		{F4B72EF5-C767-41A6-8B09-BD3CC13D918D}.Debug|Any CPU.ActiveCfg = Debug|Any CPU
		{F4B72EF5-C767-41A6-8B09-BD3CC13D918D}.Debug|Any CPU.Build.0 = Debug|Any CPU
		{F4B72EF5-C767-41A6-8B09-BD3CC13D918D}.Release|Any CPU.ActiveCfg = Release|Any CPU
		{F4B72EF5-C767-41A6-8B09-BD3CC13D918D}.Release|Any CPU.Build.0 = Release|Any CPU
	EndGlobalSection
	GlobalSection(SolutionProperties) = preSolution
		HideSolutionNode = FALSE
	EndGlobalSection
EndGlobal
